
Microsoft Visual Studio Solution File, Format Version 12.00
# Visual Studio Version 16
VisualStudioVersion = 16.0.30320.27
MinimumVisualStudioVersion = 10.0.40219.1
Project("{FAE04EC0-301F-11D3-BF4B-00C04F79EFBC}") = "WFAnalisisNumerico", "WFAnalisisNumerico\WFAnalisisNumerico.csproj", "{5C253F80-2683-4202-B855-AFCF10165C8B}"
	ProjectSection(ProjectDependencies) = postProject
		{B990F4A8-B70D-4A54-974D-672A4A0AB9CF} = {B990F4A8-B70D-4A54-974D-672A4A0AB9CF}
	EndProjectSection
EndProject
Project("{9A19103F-16F7-4668-BE54-9A1E7A4F7556}") = "Logica", "Logica\Logica.csproj", "{B990F4A8-B70D-4A54-974D-672A4A0AB9CF}"
EndProject
Global
	GlobalSection(SolutionConfigurationPlatforms) = preSolution
		Debug|Any CPU = Debug|Any CPU
		Release|Any CPU = Release|Any CPU
	EndGlobalSection
	GlobalSection(ProjectConfigurationPlatforms) = postSolution
		{5C253F80-2683-4202-B855-AFCF10165C8B}.Debug|Any CPU.ActiveCfg = Debug|Any CPU
		{5C253F80-2683-4202-B855-AFCF10165C8B}.Debug|Any CPU.Build.0 = Debug|Any CPU
		{5C253F80-2683-4202-B855-AFCF10165C8B}.Release|Any CPU.ActiveCfg = Release|Any CPU
		{5C253F80-2683-4202-B855-AFCF10165C8B}.Release|Any CPU.Build.0 = Release|Any CPU
		{B990F4A8-B70D-4A54-974D-672A4A0AB9CF}.Debug|Any CPU.ActiveCfg = Debug|Any CPU
		{B990F4A8-B70D-4A54-974D-672A4A0AB9CF}.Debug|Any CPU.Build.0 = Debug|Any CPU
		{B990F4A8-B70D-4A54-974D-672A4A0AB9CF}.Release|Any CPU.ActiveCfg = Release|Any CPU
		{B990F4A8-B70D-4A54-974D-672A4A0AB9CF}.Release|Any CPU.Build.0 = Release|Any CPU
	EndGlobalSection
	GlobalSection(SolutionProperties) = preSolution
		HideSolutionNode = FALSE
	EndGlobalSection
	GlobalSection(ExtensibilityGlobals) = postSolution
		SolutionGuid = {4661EDB7-31AC-41A4-978A-6C6AAED4E2F7}
	EndGlobalSection
EndGlobal
